// !$*UTF8*$!
{
	archiveVersion = 1;
	classes = {
	};
	objectVersion = 46;
	objects = {

/* Begin PBXBuildFile section */
		6D3250251BCDE2C3001D771A /* FeedDecorator.swift in Sources */ = {isa = PBXBuildFile; fileRef = 6D3250241BCDE2C3001D771A /* FeedDecorator.swift */; settings = {ASSET_TAGS = (); }; };
		6D3250271BCDE61F001D771A /* NavDecorator.swift in Sources */ = {isa = PBXBuildFile; fileRef = 6D3250261BCDE61F001D771A /* NavDecorator.swift */; settings = {ASSET_TAGS = (); }; };
		6D3250291BCDE736001D771A /* LabelDecorator.swift in Sources */ = {isa = PBXBuildFile; fileRef = 6D3250281BCDE736001D771A /* LabelDecorator.swift */; settings = {ASSET_TAGS = (); }; };
		6D525EF51BCDC24C0063B705 /* User.swift in Sources */ = {isa = PBXBuildFile; fileRef = 6D525EF41BCDC24C0063B705 /* User.swift */; settings = {ASSET_TAGS = (); }; };
		6D68826F1BC4587E001EE7F0 /* AppDelegate.swift in Sources */ = {isa = PBXBuildFile; fileRef = 6D68826E1BC4587E001EE7F0 /* AppDelegate.swift */; };
		6D6882741BC4587E001EE7F0 /* Main.storyboard in Resources */ = {isa = PBXBuildFile; fileRef = 6D6882721BC4587E001EE7F0 /* Main.storyboard */; };
		6D6882771BC4587E001EE7F0 /* glitchly.xcdatamodeld in Sources */ = {isa = PBXBuildFile; fileRef = 6D6882751BC4587E001EE7F0 /* glitchly.xcdatamodeld */; };
		6D6882791BC4587E001EE7F0 /* Assets.xcassets in Resources */ = {isa = PBXBuildFile; fileRef = 6D6882781BC4587E001EE7F0 /* Assets.xcassets */; };
		6D68827C1BC4587E001EE7F0 /* LaunchScreen.storyboard in Resources */ = {isa = PBXBuildFile; fileRef = 6D68827A1BC4587E001EE7F0 /* LaunchScreen.storyboard */; };
		6D6882871BC4587E001EE7F0 /* glitchlyTests.swift in Sources */ = {isa = PBXBuildFile; fileRef = 6D6882861BC4587E001EE7F0 /* glitchlyTests.swift */; };
		6D6882921BC4587E001EE7F0 /* glitchlyUITests.swift in Sources */ = {isa = PBXBuildFile; fileRef = 6D6882911BC4587E001EE7F0 /* glitchlyUITests.swift */; };
		6D6882A01BC45903001EE7F0 /* LoginAlertViewController.swift in Sources */ = {isa = PBXBuildFile; fileRef = 6D68829F1BC45903001EE7F0 /* LoginAlertViewController.swift */; settings = {ASSET_TAGS = (); }; };
		6D6882A21BC46EB1001EE7F0 /* LoginManager.swift in Sources */ = {isa = PBXBuildFile; fileRef = 6D6882A11BC46EB1001EE7F0 /* LoginManager.swift */; settings = {ASSET_TAGS = (); }; };
		6D8823CB1BC489710076478D /* PictureProvider.swift in Sources */ = {isa = PBXBuildFile; fileRef = 6D8823CA1BC489710076478D /* PictureProvider.swift */; settings = {ASSET_TAGS = (); }; };
		6D8823CD1BC494920076478D /* FeedProvider.swift in Sources */ = {isa = PBXBuildFile; fileRef = 6D8823CC1BC494920076478D /* FeedProvider.swift */; settings = {ASSET_TAGS = (); }; };
		6D8823CF1BC494B40076478D /* Picture.swift in Sources */ = {isa = PBXBuildFile; fileRef = 6D8823CE1BC494B40076478D /* Picture.swift */; settings = {ASSET_TAGS = (); }; };
		6D8823D11BC4DC810076478D /* FeedPictureDecorator.swift in Sources */ = {isa = PBXBuildFile; fileRef = 6D8823D01BC4DC810076478D /* FeedPictureDecorator.swift */; settings = {ASSET_TAGS = (); }; };
		6D8823D31BC4DD0C0076478D /* FeedController.swift in Sources */ = {isa = PBXBuildFile; fileRef = 6D8823D21BC4DD0C0076478D /* FeedController.swift */; settings = {ASSET_TAGS = (); }; };
		6D93DF931BC4E32E000F0531 /* FeedPictureCell.swift in Sources */ = {isa = PBXBuildFile; fileRef = 6D93DF921BC4E32E000F0531 /* FeedPictureCell.swift */; settings = {ASSET_TAGS = (); }; };
		6D93DF951BC5B85F000F0531 /* ProfileViewController.swift in Sources */ = {isa = PBXBuildFile; fileRef = 6D93DF941BC5B85F000F0531 /* ProfileViewController.swift */; settings = {ASSET_TAGS = (); }; };
		6DDF18481BCB172000DA7124 /* CustomUIColor.swift in Sources */ = {isa = PBXBuildFile; fileRef = 6DDF18471BCB172000DA7124 /* CustomUIColor.swift */; settings = {ASSET_TAGS = (); }; };
		6DDF184A1BCB1BBD00DA7124 /* VT323-Regular.ttf in Resources */ = {isa = PBXBuildFile; fileRef = 6DDF18491BCB1BBD00DA7124 /* VT323-Regular.ttf */; settings = {ASSET_TAGS = (); }; };
		6DDF184C1BCB494C00DA7124 /* Comment.swift in Sources */ = {isa = PBXBuildFile; fileRef = 6DDF184B1BCB494C00DA7124 /* Comment.swift */; settings = {ASSET_TAGS = (); }; };
		970FE47F351E37B3BA2426CA /* Pods_glitchly.framework in Frameworks */ = {isa = PBXBuildFile; fileRef = 738431883FFFFEAB813E6684 /* Pods_glitchly.framework */; settings = {ATTRIBUTES = (Weak, ); }; };
/* End PBXBuildFile section */

/* Begin PBXContainerItemProxy section */
		6D6882831BC4587E001EE7F0 /* PBXContainerItemProxy */ = {
			isa = PBXContainerItemProxy;
			containerPortal = 6D6882631BC4587E001EE7F0 /* Project object */;
			proxyType = 1;
			remoteGlobalIDString = 6D68826A1BC4587E001EE7F0;
			remoteInfo = glitchly;
		};
		6D68828E1BC4587E001EE7F0 /* PBXContainerItemProxy */ = {
			isa = PBXContainerItemProxy;
			containerPortal = 6D6882631BC4587E001EE7F0 /* Project object */;
			proxyType = 1;
			remoteGlobalIDString = 6D68826A1BC4587E001EE7F0;
			remoteInfo = glitchly;
		};
/* End PBXContainerItemProxy section */

/* Begin PBXFileReference section */
		4E94CFC55D950F6CC5370A3D /* Pods-glitchly.debug.xcconfig */ = {isa = PBXFileReference; includeInIndex = 1; lastKnownFileType = text.xcconfig; name = "Pods-glitchly.debug.xcconfig"; path = "Pods/Target Support Files/Pods-glitchly/Pods-glitchly.debug.xcconfig"; sourceTree = "<group>"; };
		6D3250241BCDE2C3001D771A /* FeedDecorator.swift */ = {isa = PBXFileReference; fileEncoding = 4; lastKnownFileType = sourcecode.swift; path = FeedDecorator.swift; sourceTree = "<group>"; };
		6D3250261BCDE61F001D771A /* NavDecorator.swift */ = {isa = PBXFileReference; fileEncoding = 4; lastKnownFileType = sourcecode.swift; path = NavDecorator.swift; sourceTree = "<group>"; };
		6D3250281BCDE736001D771A /* LabelDecorator.swift */ = {isa = PBXFileReference; fileEncoding = 4; lastKnownFileType = sourcecode.swift; path = LabelDecorator.swift; sourceTree = "<group>"; };
		6D525EF41BCDC24C0063B705 /* User.swift */ = {isa = PBXFileReference; fileEncoding = 4; lastKnownFileType = sourcecode.swift; path = User.swift; sourceTree = "<group>"; };
		6D68826B1BC4587E001EE7F0 /* glitchly.app */ = {isa = PBXFileReference; explicitFileType = wrapper.application; includeInIndex = 0; path = glitchly.app; sourceTree = BUILT_PRODUCTS_DIR; };
		6D68826E1BC4587E001EE7F0 /* AppDelegate.swift */ = {isa = PBXFileReference; lastKnownFileType = sourcecode.swift; path = AppDelegate.swift; sourceTree = "<group>"; };
		6D6882731BC4587E001EE7F0 /* Base */ = {isa = PBXFileReference; lastKnownFileType = file.storyboard; name = Base; path = Base.lproj/Main.storyboard; sourceTree = "<group>"; };
		6D6882761BC4587E001EE7F0 /* glitchly.xcdatamodel */ = {isa = PBXFileReference; lastKnownFileType = wrapper.xcdatamodel; path = glitchly.xcdatamodel; sourceTree = "<group>"; };
		6D6882781BC4587E001EE7F0 /* Assets.xcassets */ = {isa = PBXFileReference; lastKnownFileType = folder.assetcatalog; path = Assets.xcassets; sourceTree = "<group>"; };
		6D68827B1BC4587E001EE7F0 /* Base */ = {isa = PBXFileReference; lastKnownFileType = file.storyboard; name = Base; path = Base.lproj/LaunchScreen.storyboard; sourceTree = "<group>"; };
		6D68827D1BC4587E001EE7F0 /* Info.plist */ = {isa = PBXFileReference; lastKnownFileType = text.plist.xml; path = Info.plist; sourceTree = "<group>"; };
		6D6882821BC4587E001EE7F0 /* glitchlyTests.xctest */ = {isa = PBXFileReference; explicitFileType = wrapper.cfbundle; includeInIndex = 0; path = glitchlyTests.xctest; sourceTree = BUILT_PRODUCTS_DIR; };
		6D6882861BC4587E001EE7F0 /* glitchlyTests.swift */ = {isa = PBXFileReference; lastKnownFileType = sourcecode.swift; path = glitchlyTests.swift; sourceTree = "<group>"; };
		6D6882881BC4587E001EE7F0 /* Info.plist */ = {isa = PBXFileReference; lastKnownFileType = text.plist.xml; path = Info.plist; sourceTree = "<group>"; };
		6D68828D1BC4587E001EE7F0 /* glitchlyUITests.xctest */ = {isa = PBXFileReference; explicitFileType = wrapper.cfbundle; includeInIndex = 0; path = glitchlyUITests.xctest; sourceTree = BUILT_PRODUCTS_DIR; };
		6D6882911BC4587E001EE7F0 /* glitchlyUITests.swift */ = {isa = PBXFileReference; lastKnownFileType = sourcecode.swift; path = glitchlyUITests.swift; sourceTree = "<group>"; };
		6D6882931BC4587E001EE7F0 /* Info.plist */ = {isa = PBXFileReference; lastKnownFileType = text.plist.xml; path = Info.plist; sourceTree = "<group>"; };
		6D68829F1BC45903001EE7F0 /* LoginAlertViewController.swift */ = {isa = PBXFileReference; fileEncoding = 4; lastKnownFileType = sourcecode.swift; path = LoginAlertViewController.swift; sourceTree = "<group>"; };
		6D6882A11BC46EB1001EE7F0 /* LoginManager.swift */ = {isa = PBXFileReference; fileEncoding = 4; lastKnownFileType = sourcecode.swift; path = LoginManager.swift; sourceTree = "<group>"; };
		6D8823CA1BC489710076478D /* PictureProvider.swift */ = {isa = PBXFileReference; fileEncoding = 4; lastKnownFileType = sourcecode.swift; path = PictureProvider.swift; sourceTree = "<group>"; };
		6D8823CC1BC494920076478D /* FeedProvider.swift */ = {isa = PBXFileReference; fileEncoding = 4; lastKnownFileType = sourcecode.swift; path = FeedProvider.swift; sourceTree = "<group>"; };
		6D8823CE1BC494B40076478D /* Picture.swift */ = {isa = PBXFileReference; fileEncoding = 4; lastKnownFileType = sourcecode.swift; path = Picture.swift; sourceTree = "<group>"; };
		6D8823D01BC4DC810076478D /* FeedPictureDecorator.swift */ = {isa = PBXFileReference; fileEncoding = 4; lastKnownFileType = sourcecode.swift; path = FeedPictureDecorator.swift; sourceTree = "<group>"; };
		6D8823D21BC4DD0C0076478D /* FeedController.swift */ = {isa = PBXFileReference; fileEncoding = 4; lastKnownFileType = sourcecode.swift; path = FeedController.swift; sourceTree = "<group>"; };
		6D93DF921BC4E32E000F0531 /* FeedPictureCell.swift */ = {isa = PBXFileReference; fileEncoding = 4; lastKnownFileType = sourcecode.swift; path = FeedPictureCell.swift; sourceTree = "<group>"; };
		6D93DF941BC5B85F000F0531 /* ProfileViewController.swift */ = {isa = PBXFileReference; fileEncoding = 4; lastKnownFileType = sourcecode.swift; path = ProfileViewController.swift; sourceTree = "<group>"; };
		6DDF18471BCB172000DA7124 /* CustomUIColor.swift */ = {isa = PBXFileReference; fileEncoding = 4; lastKnownFileType = sourcecode.swift; name = CustomUIColor.swift; path = ../CustomUIColor.swift; sourceTree = "<group>"; };
		6DDF18491BCB1BBD00DA7124 /* VT323-Regular.ttf */ = {isa = PBXFileReference; lastKnownFileType = file; name = "VT323-Regular.ttf"; path = "../../../Desktop/VT323-Regular.ttf"; sourceTree = "<group>"; };
		6DDF184B1BCB494C00DA7124 /* Comment.swift */ = {isa = PBXFileReference; fileEncoding = 4; lastKnownFileType = sourcecode.swift; path = Comment.swift; sourceTree = "<group>"; };
		738431883FFFFEAB813E6684 /* Pods_glitchly.framework */ = {isa = PBXFileReference; explicitFileType = wrapper.framework; includeInIndex = 0; path = Pods_glitchly.framework; sourceTree = BUILT_PRODUCTS_DIR; };
		992A3CD262E4F0CE7EC7C573 /* Pods-glitchly.release.xcconfig */ = {isa = PBXFileReference; includeInIndex = 1; lastKnownFileType = text.xcconfig; name = "Pods-glitchly.release.xcconfig"; path = "Pods/Target Support Files/Pods-glitchly/Pods-glitchly.release.xcconfig"; sourceTree = "<group>"; };
/* End PBXFileReference section */

/* Begin PBXFrameworksBuildPhase section */
		6D6882681BC4587E001EE7F0 /* Frameworks */ = {
			isa = PBXFrameworksBuildPhase;
			buildActionMask = 2147483647;
			files = (
				970FE47F351E37B3BA2426CA /* Pods_glitchly.framework in Frameworks */,
			);
			runOnlyForDeploymentPostprocessing = 0;
		};
		6D68827F1BC4587E001EE7F0 /* Frameworks */ = {
			isa = PBXFrameworksBuildPhase;
			buildActionMask = 2147483647;
			files = (
			);
			runOnlyForDeploymentPostprocessing = 0;
		};
		6D68828A1BC4587E001EE7F0 /* Frameworks */ = {
			isa = PBXFrameworksBuildPhase;
			buildActionMask = 2147483647;
			files = (
			);
			runOnlyForDeploymentPostprocessing = 0;
		};
/* End PBXFrameworksBuildPhase section */

/* Begin PBXGroup section */
		6D32502A1BCDE7A4001D771A /* decorators */ = {
			isa = PBXGroup;
			children = (
				6D3250261BCDE61F001D771A /* NavDecorator.swift */,
				6D3250281BCDE736001D771A /* LabelDecorator.swift */,
				6D8823D01BC4DC810076478D /* FeedPictureDecorator.swift */,
				6D3250241BCDE2C3001D771A /* FeedDecorator.swift */,
			);
			name = decorators;
			sourceTree = "<group>";
		};
		6D32502B1BCDE7DE001D771A /* providers */ = {
			isa = PBXGroup;
			children = (
				6D8823CC1BC494920076478D /* FeedProvider.swift */,
				6D8823CA1BC489710076478D /* PictureProvider.swift */,
				6D6882A11BC46EB1001EE7F0 /* LoginManager.swift */,
			);
			name = providers;
			sourceTree = "<group>";
		};
		6D32502C1BCDE7F6001D771A /* models */ = {
			isa = PBXGroup;
			children = (
				6D525EF41BCDC24C0063B705 /* User.swift */,
				6D8823CE1BC494B40076478D /* Picture.swift */,
				6DDF184B1BCB494C00DA7124 /* Comment.swift */,
			);
			name = models;
			sourceTree = "<group>";
		};
		6D32502D1BCDE86C001D771A /* utlities */ = {
			isa = PBXGroup;
			children = (
				6DDF18471BCB172000DA7124 /* CustomUIColor.swift */,
			);
			name = utlities;
			sourceTree = "<group>";
		};
		6D32502E1BCDE932001D771A /* views */ = {
			isa = PBXGroup;
			children = (
				6D8823D21BC4DD0C0076478D /* FeedController.swift */,
				6D93DF921BC4E32E000F0531 /* FeedPictureCell.swift */,
				6D93DF941BC5B85F000F0531 /* ProfileViewController.swift */,
				6D68829F1BC45903001EE7F0 /* LoginAlertViewController.swift */,
			);
			name = views;
			sourceTree = "<group>";
		};
		6D6882621BC4587E001EE7F0 = {
			isa = PBXGroup;
			children = (
				6D68826D1BC4587E001EE7F0 /* glitchly */,
				6D6882851BC4587E001EE7F0 /* glitchlyTests */,
				6D6882901BC4587E001EE7F0 /* glitchlyUITests */,
				6D68826C1BC4587E001EE7F0 /* Products */,
				98066DB3CC941D5983E9E521 /* Pods */,
				E6CB66C25C09D9039B9F1D5E /* Frameworks */,
			);
			sourceTree = "<group>";
		};
		6D68826C1BC4587E001EE7F0 /* Products */ = {
			isa = PBXGroup;
			children = (
				6D68826B1BC4587E001EE7F0 /* glitchly.app */,
				6D6882821BC4587E001EE7F0 /* glitchlyTests.xctest */,
				6D68828D1BC4587E001EE7F0 /* glitchlyUITests.xctest */,
			);
			name = Products;
			sourceTree = "<group>";
		};
		6D68826D1BC4587E001EE7F0 /* glitchly */ = {
			isa = PBXGroup;
			children = (
				6D32502E1BCDE932001D771A /* views */,
				6D32502D1BCDE86C001D771A /* utlities */,
				6D32502C1BCDE7F6001D771A /* models */,
				6D32502B1BCDE7DE001D771A /* providers */,
				6D32502A1BCDE7A4001D771A /* decorators */,
				6D68826E1BC4587E001EE7F0 /* AppDelegate.swift */,
				6D6882721BC4587E001EE7F0 /* Main.storyboard */,
				6D6882781BC4587E001EE7F0 /* Assets.xcassets */,
				6DDF18491BCB1BBD00DA7124 /* VT323-Regular.ttf */,
				6D68827A1BC4587E001EE7F0 /* LaunchScreen.storyboard */,
				6D68827D1BC4587E001EE7F0 /* Info.plist */,
				6D6882751BC4587E001EE7F0 /* glitchly.xcdatamodeld */,
			);
			path = glitchly;
			sourceTree = "<group>";
		};
		6D6882851BC4587E001EE7F0 /* glitchlyTests */ = {
			isa = PBXGroup;
			children = (
				6D6882861BC4587E001EE7F0 /* glitchlyTests.swift */,
				6D6882881BC4587E001EE7F0 /* Info.plist */,
			);
			path = glitchlyTests;
			sourceTree = "<group>";
		};
		6D6882901BC4587E001EE7F0 /* glitchlyUITests */ = {
			isa = PBXGroup;
			children = (
				6D6882911BC4587E001EE7F0 /* glitchlyUITests.swift */,
				6D6882931BC4587E001EE7F0 /* Info.plist */,
			);
			path = glitchlyUITests;
			sourceTree = "<group>";
		};
		98066DB3CC941D5983E9E521 /* Pods */ = {
			isa = PBXGroup;
			children = (
				4E94CFC55D950F6CC5370A3D /* Pods-glitchly.debug.xcconfig */,
				992A3CD262E4F0CE7EC7C573 /* Pods-glitchly.release.xcconfig */,
			);
			name = Pods;
			sourceTree = "<group>";
		};
		E6CB66C25C09D9039B9F1D5E /* Frameworks */ = {
			isa = PBXGroup;
			children = (
				738431883FFFFEAB813E6684 /* Pods_glitchly.framework */,
			);
			name = Frameworks;
			sourceTree = "<group>";
		};
/* End PBXGroup section */

/* Begin PBXNativeTarget section */
		6D68826A1BC4587E001EE7F0 /* glitchly */ = {
			isa = PBXNativeTarget;
			buildConfigurationList = 6D6882961BC4587E001EE7F0 /* Build configuration list for PBXNativeTarget "glitchly" */;
			buildPhases = (
				4390D7DA05F289101439677C /* Check Pods Manifest.lock */,
				6D6882671BC4587E001EE7F0 /* Sources */,
				6D6882681BC4587E001EE7F0 /* Frameworks */,
				6D6882691BC4587E001EE7F0 /* Resources */,
				66AA4247A59E634172186E5F /* Embed Pods Frameworks */,
				26291B1AAE390836B6386DCA /* Copy Pods Resources */,
			);
			buildRules = (
			);
			dependencies = (
			);
			name = glitchly;
			productName = glitchly;
			productReference = 6D68826B1BC4587E001EE7F0 /* glitchly.app */;
			productType = "com.apple.product-type.application";
		};
		6D6882811BC4587E001EE7F0 /* glitchlyTests */ = {
			isa = PBXNativeTarget;
			buildConfigurationList = 6D6882991BC4587E001EE7F0 /* Build configuration list for PBXNativeTarget "glitchlyTests" */;
			buildPhases = (
				6D68827E1BC4587E001EE7F0 /* Sources */,
				6D68827F1BC4587E001EE7F0 /* Frameworks */,
				6D6882801BC4587E001EE7F0 /* Resources */,
			);
			buildRules = (
			);
			dependencies = (
				6D6882841BC4587E001EE7F0 /* PBXTargetDependency */,
			);
			name = glitchlyTests;
			productName = glitchlyTests;
			productReference = 6D6882821BC4587E001EE7F0 /* glitchlyTests.xctest */;
			productType = "com.apple.product-type.bundle.unit-test";
		};
		6D68828C1BC4587E001EE7F0 /* glitchlyUITests */ = {
			isa = PBXNativeTarget;
			buildConfigurationList = 6D68829C1BC4587E001EE7F0 /* Build configuration list for PBXNativeTarget "glitchlyUITests" */;
			buildPhases = (
				6D6882891BC4587E001EE7F0 /* Sources */,
				6D68828A1BC4587E001EE7F0 /* Frameworks */,
				6D68828B1BC4587E001EE7F0 /* Resources */,
			);
			buildRules = (
			);
			dependencies = (
				6D68828F1BC4587E001EE7F0 /* PBXTargetDependency */,
			);
			name = glitchlyUITests;
			productName = glitchlyUITests;
			productReference = 6D68828D1BC4587E001EE7F0 /* glitchlyUITests.xctest */;
			productType = "com.apple.product-type.bundle.ui-testing";
		};
/* End PBXNativeTarget section */

/* Begin PBXProject section */
		6D6882631BC4587E001EE7F0 /* Project object */ = {
			isa = PBXProject;
			attributes = {
				LastUpgradeCheck = 0700;
				ORGANIZATIONNAME = "Max Blaushild";
				TargetAttributes = {
					6D68826A1BC4587E001EE7F0 = {
						CreatedOnToolsVersion = 7.0.1;
					};
					6D6882811BC4587E001EE7F0 = {
						CreatedOnToolsVersion = 7.0.1;
						TestTargetID = 6D68826A1BC4587E001EE7F0;
					};
					6D68828C1BC4587E001EE7F0 = {
						CreatedOnToolsVersion = 7.0.1;
						TestTargetID = 6D68826A1BC4587E001EE7F0;
					};
				};
			};
			buildConfigurationList = 6D6882661BC4587E001EE7F0 /* Build configuration list for PBXProject "glitchly" */;
			compatibilityVersion = "Xcode 3.2";
			developmentRegion = English;
			hasScannedForEncodings = 0;
			knownRegions = (
				en,
				Base,
			);
			mainGroup = 6D6882621BC4587E001EE7F0;
			productRefGroup = 6D68826C1BC4587E001EE7F0 /* Products */;
			projectDirPath = "";
			projectRoot = "";
			targets = (
				6D68826A1BC4587E001EE7F0 /* glitchly */,
				6D6882811BC4587E001EE7F0 /* glitchlyTests */,
				6D68828C1BC4587E001EE7F0 /* glitchlyUITests */,
			);
		};
/* End PBXProject section */

/* Begin PBXResourcesBuildPhase section */
		6D6882691BC4587E001EE7F0 /* Resources */ = {
			isa = PBXResourcesBuildPhase;
			buildActionMask = 2147483647;
			files = (
				6D68827C1BC4587E001EE7F0 /* LaunchScreen.storyboard in Resources */,
				6D6882791BC4587E001EE7F0 /* Assets.xcassets in Resources */,
				6DDF184A1BCB1BBD00DA7124 /* VT323-Regular.ttf in Resources */,
				6D6882741BC4587E001EE7F0 /* Main.storyboard in Resources */,
			);
			runOnlyForDeploymentPostprocessing = 0;
		};
		6D6882801BC4587E001EE7F0 /* Resources */ = {
			isa = PBXResourcesBuildPhase;
			buildActionMask = 2147483647;
			files = (
			);
			runOnlyForDeploymentPostprocessing = 0;
		};
		6D68828B1BC4587E001EE7F0 /* Resources */ = {
			isa = PBXResourcesBuildPhase;
			buildActionMask = 2147483647;
			files = (
			);
			runOnlyForDeploymentPostprocessing = 0;
		};
/* End PBXResourcesBuildPhase section */

/* Begin PBXShellScriptBuildPhase section */
		26291B1AAE390836B6386DCA /* Copy Pods Resources */ = {
			isa = PBXShellScriptBuildPhase;
			buildActionMask = 2147483647;
			files = (
			);
			inputPaths = (
			);
			name = "Copy Pods Resources";
			outputPaths = (
			);
			runOnlyForDeploymentPostprocessing = 0;
			shellPath = /bin/sh;
			shellScript = "\"${SRCROOT}/Pods/Target Support Files/Pods-glitchly/Pods-glitchly-resources.sh\"\n";
			showEnvVarsInLog = 0;
		};
		4390D7DA05F289101439677C /* Check Pods Manifest.lock */ = {
			isa = PBXShellScriptBuildPhase;
			buildActionMask = 2147483647;
			files = (
			);
			inputPaths = (
			);
			name = "Check Pods Manifest.lock";
			outputPaths = (
			);
			runOnlyForDeploymentPostprocessing = 0;
			shellPath = /bin/sh;
			shellScript = "diff \"${PODS_ROOT}/../Podfile.lock\" \"${PODS_ROOT}/Manifest.lock\" > /dev/null\nif [[ $? != 0 ]] ; then\n    cat << EOM\nerror: The sandbox is not in sync with the Podfile.lock. Run 'pod install' or update your CocoaPods installation.\nEOM\n    exit 1\nfi\n";
			showEnvVarsInLog = 0;
		};
		66AA4247A59E634172186E5F /* Embed Pods Frameworks */ = {
			isa = PBXShellScriptBuildPhase;
			buildActionMask = 2147483647;
			files = (
			);
			inputPaths = (
			);
			name = "Embed Pods Frameworks";
			outputPaths = (
			);
			runOnlyForDeploymentPostprocessing = 0;
			shellPath = /bin/sh;
			shellScript = "\"${SRCROOT}/Pods/Target Support Files/Pods-glitchly/Pods-glitchly-frameworks.sh\"\n";
			showEnvVarsInLog = 0;
		};
/* End PBXShellScriptBuildPhase section */

/* Begin PBXSourcesBuildPhase section */
		6D6882671BC4587E001EE7F0 /* Sources */ = {
			isa = PBXSourcesBuildPhase;
			buildActionMask = 2147483647;
			files = (
				6D93DF931BC4E32E000F0531 /* FeedPictureCell.swift in Sources */,
				6D8823CF1BC494B40076478D /* Picture.swift in Sources */,
				6D8823CB1BC489710076478D /* PictureProvider.swift in Sources */,
				6DDF184C1BCB494C00DA7124 /* Comment.swift in Sources */,
				6D6882A21BC46EB1001EE7F0 /* LoginManager.swift in Sources */,
				6D3250291BCDE736001D771A /* LabelDecorator.swift in Sources */,
				6D3250251BCDE2C3001D771A /* FeedDecorator.swift in Sources */,
				6DDF18481BCB172000DA7124 /* CustomUIColor.swift in Sources */,
				6D8823CD1BC494920076478D /* FeedProvider.swift in Sources */,
				6D525EF51BCDC24C0063B705 /* User.swift in Sources */,
				6D3250271BCDE61F001D771A /* NavDecorator.swift in Sources */,
				6D93DF951BC5B85F000F0531 /* ProfileViewController.swift in Sources */,
				6D8823D11BC4DC810076478D /* FeedPictureDecorator.swift in Sources */,
				6D6882A01BC45903001EE7F0 /* LoginAlertViewController.swift in Sources */,
				6D8823D31BC4DD0C0076478D /* FeedController.swift in Sources */,
				6D6882771BC4587E001EE7F0 /* glitchly.xcdatamodeld in Sources */,
				6D68826F1BC4587E001EE7F0 /* AppDelegate.swift in Sources */,
			);
			runOnlyForDeploymentPostprocessing = 0;
		};
		6D68827E1BC4587E001EE7F0 /* Sources */ = {
			isa = PBXSourcesBuildPhase;
			buildActionMask = 2147483647;
			files = (
				6D6882871BC4587E001EE7F0 /* glitchlyTests.swift in Sources */,
			);
			runOnlyForDeploymentPostprocessing = 0;
		};
		6D6882891BC4587E001EE7F0 /* Sources */ = {
			isa = PBXSourcesBuildPhase;
			buildActionMask = 2147483647;
			files = (
				6D6882921BC4587E001EE7F0 /* glitchlyUITests.swift in Sources */,
			);
			runOnlyForDeploymentPostprocessing = 0;
		};
/* End PBXSourcesBuildPhase section */

/* Begin PBXTargetDependency section */
		6D6882841BC4587E001EE7F0 /* PBXTargetDependency */ = {
			isa = PBXTargetDependency;
			target = 6D68826A1BC4587E001EE7F0 /* glitchly */;
			targetProxy = 6D6882831BC4587E001EE7F0 /* PBXContainerItemProxy */;
		};
		6D68828F1BC4587E001EE7F0 /* PBXTargetDependency */ = {
			isa = PBXTargetDependency;
			target = 6D68826A1BC4587E001EE7F0 /* glitchly */;
			targetProxy = 6D68828E1BC4587E001EE7F0 /* PBXContainerItemProxy */;
		};
/* End PBXTargetDependency section */

/* Begin PBXVariantGroup section */
		6D6882721BC4587E001EE7F0 /* Main.storyboard */ = {
			isa = PBXVariantGroup;
			children = (
				6D6882731BC4587E001EE7F0 /* Base */,
			);
			name = Main.storyboard;
			sourceTree = "<group>";
		};
		6D68827A1BC4587E001EE7F0 /* LaunchScreen.storyboard */ = {
			isa = PBXVariantGroup;
			children = (
				6D68827B1BC4587E001EE7F0 /* Base */,
			);
			name = LaunchScreen.storyboard;
			sourceTree = "<group>";
		};
/* End PBXVariantGroup section */

/* Begin XCBuildConfiguration section */
		6D6882941BC4587E001EE7F0 /* Debug */ = {
			isa = XCBuildConfiguration;
			buildSettings = {
				ALWAYS_SEARCH_USER_PATHS = NO;
				CLANG_CXX_LANGUAGE_STANDARD = "gnu++0x";
				CLANG_CXX_LIBRARY = "libc++";
				CLANG_ENABLE_MODULES = YES;
				CLANG_ENABLE_OBJC_ARC = YES;
				CLANG_WARN_BOOL_CONVERSION = YES;
				CLANG_WARN_CONSTANT_CONVERSION = YES;
				CLANG_WARN_DIRECT_OBJC_ISA_USAGE = YES_ERROR;
				CLANG_WARN_EMPTY_BODY = YES;
				CLANG_WARN_ENUM_CONVERSION = YES;
				CLANG_WARN_INT_CONVERSION = YES;
				CLANG_WARN_OBJC_ROOT_CLASS = YES_ERROR;
				CLANG_WARN_UNREACHABLE_CODE = YES;
				CLANG_WARN__DUPLICATE_METHOD_MATCH = YES;
				"CODE_SIGN_IDENTITY[sdk=iphoneos*]" = "iPhone Developer";
				COPY_PHASE_STRIP = NO;
				DEBUG_INFORMATION_FORMAT = dwarf;
				ENABLE_STRICT_OBJC_MSGSEND = YES;
				ENABLE_TESTABILITY = YES;
				GCC_C_LANGUAGE_STANDARD = gnu99;
				GCC_DYNAMIC_NO_PIC = NO;
				GCC_NO_COMMON_BLOCKS = YES;
				GCC_OPTIMIZATION_LEVEL = 0;
				GCC_PREPROCESSOR_DEFINITIONS = (
					"DEBUG=1",
					"$(inherited)",
				);
				GCC_WARN_64_TO_32_BIT_CONVERSION = YES;
				GCC_WARN_ABOUT_RETURN_TYPE = YES_ERROR;
				GCC_WARN_UNDECLARED_SELECTOR = YES;
				GCC_WARN_UNINITIALIZED_AUTOS = YES_AGGRESSIVE;
				GCC_WARN_UNUSED_FUNCTION = YES;
				GCC_WARN_UNUSED_VARIABLE = YES;
				IPHONEOS_DEPLOYMENT_TARGET = 9.0;
				MTL_ENABLE_DEBUG_INFO = YES;
				ONLY_ACTIVE_ARCH = YES;
				SDKROOT = iphoneos;
				SWIFT_OPTIMIZATION_LEVEL = "-Onone";
				TARGETED_DEVICE_FAMILY = "1,2";
			};
			name = Debug;
		};
		6D6882951BC4587E001EE7F0 /* Release */ = {
			isa = XCBuildConfiguration;
			buildSettings = {
				ALWAYS_SEARCH_USER_PATHS = NO;
				CLANG_CXX_LANGUAGE_STANDARD = "gnu++0x";
				CLANG_CXX_LIBRARY = "libc++";
				CLANG_ENABLE_MODULES = YES;
				CLANG_ENABLE_OBJC_ARC = YES;
				CLANG_WARN_BOOL_CONVERSION = YES;
				CLANG_WARN_CONSTANT_CONVERSION = YES;
				CLANG_WARN_DIRECT_OBJC_ISA_USAGE = YES_ERROR;
				CLANG_WARN_EMPTY_BODY = YES;
				CLANG_WARN_ENUM_CONVERSION = YES;
				CLANG_WARN_INT_CONVERSION = YES;
				CLANG_WARN_OBJC_ROOT_CLASS = YES_ERROR;
				CLANG_WARN_UNREACHABLE_CODE = YES;
				CLANG_WARN__DUPLICATE_METHOD_MATCH = YES;
				"CODE_SIGN_IDENTITY[sdk=iphoneos*]" = "iPhone Developer";
				COPY_PHASE_STRIP = NO;
				DEBUG_INFORMATION_FORMAT = "dwarf-with-dsym";
				ENABLE_NS_ASSERTIONS = NO;
				ENABLE_STRICT_OBJC_MSGSEND = YES;
				GCC_C_LANGUAGE_STANDARD = gnu99;
				GCC_NO_COMMON_BLOCKS = YES;
				GCC_WARN_64_TO_32_BIT_CONVERSION = YES;
				GCC_WARN_ABOUT_RETURN_TYPE = YES_ERROR;
				GCC_WARN_UNDECLARED_SELECTOR = YES;
				GCC_WARN_UNINITIALIZED_AUTOS = YES_AGGRESSIVE;
				GCC_WARN_UNUSED_FUNCTION = YES;
				GCC_WARN_UNUSED_VARIABLE = YES;
				IPHONEOS_DEPLOYMENT_TARGET = 9.0;
				MTL_ENABLE_DEBUG_INFO = NO;
				SDKROOT = iphoneos;
				TARGETED_DEVICE_FAMILY = "1,2";
				VALIDATE_PRODUCT = YES;
			};
			name = Release;
		};
		6D6882971BC4587E001EE7F0 /* Debug */ = {
			isa = XCBuildConfiguration;
			baseConfigurationReference = 4E94CFC55D950F6CC5370A3D /* Pods-glitchly.debug.xcconfig */;
			buildSettings = {
				ASSETCATALOG_COMPILER_APPICON_NAME = AppIcon;
				INFOPLIST_FILE = glitchly/Info.plist;
				LD_RUNPATH_SEARCH_PATHS = "$(inherited) @executable_path/Frameworks";
				PRODUCT_BUNDLE_IDENTIFIER = solo.glitchly;
				PRODUCT_NAME = "$(TARGET_NAME)";
			};
			name = Debug;
		};
		6D6882981BC4587E001EE7F0 /* Release */ = {
			isa = XCBuildConfiguration;
			baseConfigurationReference = 992A3CD262E4F0CE7EC7C573 /* Pods-glitchly.release.xcconfig */;
			buildSettings = {
				ASSETCATALOG_COMPILER_APPICON_NAME = AppIcon;
				INFOPLIST_FILE = glitchly/Info.plist;
				LD_RUNPATH_SEARCH_PATHS = "$(inherited) @executable_path/Frameworks";
				PRODUCT_BUNDLE_IDENTIFIER = solo.glitchly;
				PRODUCT_NAME = "$(TARGET_NAME)";
			};
			name = Release;
		};
		6D68829A1BC4587E001EE7F0 /* Debug */ = {
			isa = XCBuildConfiguration;
			buildSettings = {
				BUNDLE_LOADER = "$(TEST_HOST)";
				INFOPLIST_FILE = glitchlyTests/Info.plist;
				LD_RUNPATH_SEARCH_PATHS = "$(inherited) @executable_path/Frameworks @loader_path/Frameworks";
				PRODUCT_BUNDLE_IDENTIFIER = solo.glitchlyTests;
				PRODUCT_NAME = "$(TARGET_NAME)";
				TEST_HOST = "$(BUILT_PRODUCTS_DIR)/glitchly.app/glitchly";
			};
			name = Debug;
		};
		6D68829B1BC4587E001EE7F0 /* Release */ = {
			isa = XCBuildConfiguration;
			buildSettings = {
				BUNDLE_LOADER = "$(TEST_HOST)";
				INFOPLIST_FILE = glitchlyTests/Info.plist;
				LD_RUNPATH_SEARCH_PATHS = "$(inherited) @executable_path/Frameworks @loader_path/Frameworks";
				PRODUCT_BUNDLE_IDENTIFIER = solo.glitchlyTests;
				PRODUCT_NAME = "$(TARGET_NAME)";
				TEST_HOST = "$(BUILT_PRODUCTS_DIR)/glitchly.app/glitchly";
			};
			name = Release;
		};
		6D68829D1BC4587E001EE7F0 /* Debug */ = {
			isa = XCBuildConfiguration;
			buildSettings = {
				INFOPLIST_FILE = glitchlyUITests/Info.plist;
				LD_RUNPATH_SEARCH_PATHS = "$(inherited) @executable_path/Frameworks @loader_path/Frameworks";
				PRODUCT_BUNDLE_IDENTIFIER = solo.glitchlyUITests;
				PRODUCT_NAME = "$(TARGET_NAME)";
				TEST_TARGET_NAME = glitchly;
				USES_XCTRUNNER = YES;
			};
			name = Debug;
		};
		6D68829E1BC4587E001EE7F0 /* Release */ = {
			isa = XCBuildConfiguration;
			buildSettings = {
				INFOPLIST_FILE = glitchlyUITests/Info.plist;
				LD_RUNPATH_SEARCH_PATHS = "$(inherited) @executable_path/Frameworks @loader_path/Frameworks";
				PRODUCT_BUNDLE_IDENTIFIER = solo.glitchlyUITests;
				PRODUCT_NAME = "$(TARGET_NAME)";
				TEST_TARGET_NAME = glitchly;
				USES_XCTRUNNER = YES;
			};
			name = Release;
		};
/* End XCBuildConfiguration section */

/* Begin XCConfigurationList section */
		6D6882661BC4587E001EE7F0 /* Build configuration list for PBXProject "glitchly" */ = {
			isa = XCConfigurationList;
			buildConfigurations = (
				6D6882941BC4587E001EE7F0 /* Debug */,
				6D6882951BC4587E001EE7F0 /* Release */,
			);
			defaultConfigurationIsVisible = 0;
			defaultConfigurationName = Release;
		};
		6D6882961BC4587E001EE7F0 /* Build configuration list for PBXNativeTarget "glitchly" */ = {
			isa = XCConfigurationList;
			buildConfigurations = (
				6D6882971BC4587E001EE7F0 /* Debug */,
				6D6882981BC4587E001EE7F0 /* Release */,
			);
			defaultConfigurationIsVisible = 0;
			defaultConfigurationName = Release;
		};
		6D6882991BC4587E001EE7F0 /* Build configuration list for PBXNativeTarget "glitchlyTests" */ = {
			isa = XCConfigurationList;
			buildConfigurations = (
				6D68829A1BC4587E001EE7F0 /* Debug */,
				6D68829B1BC4587E001EE7F0 /* Release */,
			);
			defaultConfigurationIsVisible = 0;
			defaultConfigurationName = Release;
		};
		6D68829C1BC4587E001EE7F0 /* Build configuration list for PBXNativeTarget "glitchlyUITests" */ = {
			isa = XCConfigurationList;
			buildConfigurations = (
				6D68829D1BC4587E001EE7F0 /* Debug */,
				6D68829E1BC4587E001EE7F0 /* Release */,
			);
			defaultConfigurationIsVisible = 0;
			defaultConfigurationName = Release;
		};
/* End XCConfigurationList section */

/* Begin XCVersionGroup section */
		6D6882751BC4587E001EE7F0 /* glitchly.xcdatamodeld */ = {
			isa = XCVersionGroup;
			children = (
				6D6882761BC4587E001EE7F0 /* glitchly.xcdatamodel */,
			);
			currentVersion = 6D6882761BC4587E001EE7F0 /* glitchly.xcdatamodel */;
			path = glitchly.xcdatamodeld;
			sourceTree = "<group>";
			versionGroupType = wrapper.xcdatamodel;
		};
/* End XCVersionGroup section */
	};
	rootObject = 6D6882631BC4587E001EE7F0 /* Project object */;
}
